# THIS IS AN AUTOGENERATED FILE. DO NOT EDIT THIS FILE DIRECTLY.
# yarn lockfile v1


"@pixi/colord@^2.9.6":
  version "2.9.6"
  resolved "https://registry.npmjs.org/@pixi/colord/-/colord-2.9.6.tgz"
  integrity sha512-nezytU2pw587fQstUu1AsJZDVEynjskwOL+kibwcdxsMBFqPsFFNA7xl0ii/gXuDi6M0xj3mfRJj8pBSc2jCfA==

"@pixi/constants@5.3.12":
  version "5.3.12"
  resolved "https://registry.npmjs.org/@pixi/constants/-/constants-5.3.12.tgz"
  integrity sha512-UcuvZZ8cQu+ZC7ufLpKi8NfZX0FncPuxKd0Rf6u6pzO2SmHPq4C1moXYGDnkZjPFAjNYFFHC7chU+zolMtkL/g==

"@pixi/core@^5.0.2", "@pixi/core@5.3.12":
  version "5.3.12"
  resolved "https://registry.npmjs.org/@pixi/core/-/core-5.3.12.tgz"
  integrity sha512-SKZPU2mP4UE4trWOTcubGekKwopnotbyR2X8nb68wffBd1GzMoaxyakltfJF2oCV/ivrru/biP4CkW9K6MJ56g==
  dependencies:
    "@pixi/constants" "5.3.12"
    "@pixi/math" "5.3.12"
    "@pixi/runner" "5.3.12"
    "@pixi/settings" "5.3.12"
    "@pixi/ticker" "5.3.12"
    "@pixi/utils" "5.3.12"

"@pixi/loaders@^5.0.2":
  version "5.3.12"
  resolved "https://registry.npmjs.org/@pixi/loaders/-/loaders-5.3.12.tgz"
  integrity sha512-M56m1GKpCChFqSic9xrdtQOXFqwYMvGzDXNpsKIsQbkHooaJhUR5UxSPaNiGC4qWv0TO9w8ANouxeX2v6js4eg==
  dependencies:
    "@pixi/core" "5.3.12"
    "@pixi/utils" "5.3.12"
    resource-loader "^3.0.1"

"@pixi/math@5.3.12":
  version "5.3.12"
  resolved "https://registry.npmjs.org/@pixi/math/-/math-5.3.12.tgz"
  integrity sha512-VMccUVKSRlLFTGQu6Z450q/W6LVibaFWEo2eSZZfxz+hwjlYiqRPx4heG++4Y6tGskZK7W8l8h+2ixjmo65FCg==

"@pixi/runner@5.3.12":
  version "5.3.12"
  resolved "https://registry.npmjs.org/@pixi/runner/-/runner-5.3.12.tgz"
  integrity sha512-I5mXx4BiP8Bx5CFIXy3XV3ABYFXbIWaY6FxWsNFkySn0KUhizN7SarPdhFGs//hJuC54EH2FsKKNa98Lfc2nCQ==

"@pixi/settings@5.3.12":
  version "5.3.12"
  resolved "https://registry.npmjs.org/@pixi/settings/-/settings-5.3.12.tgz"
  integrity sha512-tLAa8tpDGllgj88NMUQn2Obn9MFJfHNF/CKs8aBhfeZGU4yL4PZDtlI+tqaB1ITGl3xxyHmJK+qfmv5lJn+zyA==
  dependencies:
    ismobilejs "^1.1.0"

"@pixi/ticker@^5.0.1", "@pixi/ticker@5.3.12":
  version "5.3.12"
  resolved "https://registry.npmjs.org/@pixi/ticker/-/ticker-5.3.12.tgz"
  integrity sha512-YNYUj94XgogipYhPOjbdFBIsy7+U6KmolvK+Av1G88GDac5SDoALb1Nt6s23fd8HIz6b4YnabHOdXGz3zPir1Q==
  dependencies:
    "@pixi/settings" "5.3.12"

"@pixi/utils@^5.0.1", "@pixi/utils@5.3.12":
  version "5.3.12"
  resolved "https://registry.npmjs.org/@pixi/utils/-/utils-5.3.12.tgz"
  integrity sha512-PU/L852YjVbTy/6fDKQtYji6Vqcwi5FZNIjK6JXKuDPF411QfJK3QBaEqJTrexzHlc9Odr0tYECjwtXkCUR02g==
  dependencies:
    "@pixi/constants" "5.3.12"
    "@pixi/settings" "5.3.12"
    earcut "^2.1.5"
    eventemitter3 "^3.1.0"
    url "^0.11.0"

"@types/css-font-loading-module@^0.0.12":
  version "0.0.12"
  resolved "https://registry.npmjs.org/@types/css-font-loading-module/-/css-font-loading-module-0.0.12.tgz"
  integrity sha512-x2tZZYkSxXqWvTDgveSynfjq/T2HyiZHXb00j/+gy19yp70PHCizM48XFdjBCWH7eHBD0R5i/pw9yMBP/BH5uA==

"@types/earcut@^2.1.4":
  version "2.1.4"
  resolved "https://registry.npmjs.org/@types/earcut/-/earcut-2.1.4.tgz"
  integrity sha512-qp3m9PPz4gULB9MhjGID7wpo3gJ4bTGXm7ltNDsmOvsPduTeHp8wSW9YckBj3mljeOh4F0m2z/0JKAALRKbmLQ==

"@webgpu/types@^0.1.40":
  version "0.1.49"
  resolved "https://registry.npmjs.org/@webgpu/types/-/types-0.1.49.tgz"
  integrity sha512-NMmS8/DofhH/IFeW+876XrHVWel+J/vdcFCHLDqeJgkH9x0DeiwjVd8LcBdaxdG/T7Rf8VUAYsA8X1efMzLjRQ==

"@xmldom/xmldom@^0.8.10":
  version "0.8.10"
  resolved "https://registry.npmjs.org/@xmldom/xmldom/-/xmldom-0.8.10.tgz"
  integrity sha512-2WALfTl4xo2SkGCYRt6rDTFfk9R1czmBvUQy12gK2KuRKIpWEhcbbzy8EZXtz/jkRqHX8bFEc6FC1HjX4TUWYw==

"@xterm/xterm@^5.5.0":
  version "5.5.0"
  resolved "https://registry.npmjs.org/@xterm/xterm/-/xterm-5.5.0.tgz"
  integrity sha512-hqJHYaQb5OptNunnyAnkHyM8aCjZ1MEIDTQu1iIbbTD/xops91NB5yq1ZK/dC2JDbVWtF23zUtl9JE2NqwT87A==

call-bind-apply-helpers@^1.0.0, call-bind-apply-helpers@^1.0.1:
  version "1.0.1"
  resolved "https://registry.npmjs.org/call-bind-apply-helpers/-/call-bind-apply-helpers-1.0.1.tgz"
  integrity sha512-BhYE+WDaywFg2TBWYNXAE+8B1ATnThNBqXHP5nQu0jWJdVvY2hvkpyB3qOmtmDePiS5/BDQ8wASEWGMWRG148g==
  dependencies:
    es-errors "^1.3.0"
    function-bind "^1.1.2"

call-bind@^1.0.8:
  version "1.0.8"
  resolved "https://registry.npmjs.org/call-bind/-/call-bind-1.0.8.tgz"
  integrity sha512-oKlSFMcMwpUg2ednkhQ454wfWiU/ul3CkJe/PEHcTKuiX6RpbehUiFMXu13HalGZxfUwCQzZG747YXBn1im9ww==
  dependencies:
    call-bind-apply-helpers "^1.0.0"
    es-define-property "^1.0.0"
    get-intrinsic "^1.2.4"
    set-function-length "^1.2.2"

call-bound@^1.0.2:
  version "1.0.2"
  resolved "https://registry.npmjs.org/call-bound/-/call-bound-1.0.2.tgz"
  integrity sha512-0lk0PHFe/uz0vl527fG9CgdE9WdafjDbCXvBbs+LUv000TVt2Jjhqbs4Jwm8gz070w8xXyEAxrPOMullsxXeGg==
  dependencies:
    call-bind "^1.0.8"
    get-intrinsic "^1.2.5"

define-data-property@^1.1.4:
  version "1.1.4"
  resolved "https://registry.npmjs.org/define-data-property/-/define-data-property-1.1.4.tgz"
  integrity sha512-rBMvIzlpA8v6E+SJZoo++HAYqsLrkg7MSfIinMPFhmkorw7X+dOXVJQs+QT69zGkzMyfDnIMN2Wid1+NbL3T+A==
  dependencies:
    es-define-property "^1.0.0"
    es-errors "^1.3.0"
    gopd "^1.0.1"

dunder-proto@^1.0.0:
  version "1.0.0"
  resolved "https://registry.npmjs.org/dunder-proto/-/dunder-proto-1.0.0.tgz"
  integrity sha512-9+Sj30DIu+4KvHqMfLUGLFYL2PkURSYMVXJyXe92nFRvlYq5hBjLEhblKB+vkd/WVlUYMWigiY07T91Fkk0+4A==
  dependencies:
    call-bind-apply-helpers "^1.0.0"
    es-errors "^1.3.0"
    gopd "^1.2.0"

earcut@^2.1.5, earcut@^2.2.4:
  version "2.2.4"
  resolved "https://registry.npmjs.org/earcut/-/earcut-2.2.4.tgz"
  integrity sha512-/pjZsA1b4RPHbeWZQn66SWS8nZZWLQQ23oE3Eam7aroEFGEvwKAsJfZ9ytiEMycfzXWpca4FA9QIOehf7PocBQ==

es-define-property@^1.0.0, es-define-property@^1.0.1:
  version "1.0.1"
  resolved "https://registry.npmjs.org/es-define-property/-/es-define-property-1.0.1.tgz"
  integrity sha512-e3nRfgfUZ4rNGL232gUgX06QNyyez04KdjFrF+LTRoOXmrOgFKDg4BCdsjW8EnT69eqdYGmRpJwiPVYNrCaW3g==

es-errors@^1.3.0:
  version "1.3.0"
  resolved "https://registry.npmjs.org/es-errors/-/es-errors-1.3.0.tgz"
  integrity sha512-Zf5H2Kxt2xjTvbJvP2ZWLEICxA6j+hAmMzIlypy4xcBg1vKVnx89Wy0GbS+kf5cwCVFFzdCFh2XSCFNULS6csw==

es-object-atoms@^1.0.0:
  version "1.0.0"
  resolved "https://registry.npmjs.org/es-object-atoms/-/es-object-atoms-1.0.0.tgz"
  integrity sha512-MZ4iQ6JwHOBQjahnjwaC1ZtIBH+2ohjamzAO3oaHcXYup7qxjF2fixyH+Q71voWHeOkI2q/TnJao/KfXYIZWbw==
  dependencies:
    es-errors "^1.3.0"

eventemitter3@^3.1.0:
  version "3.1.2"
  resolved "https://registry.npmjs.org/eventemitter3/-/eventemitter3-3.1.2.tgz"
  integrity sha512-tvtQIeLVHjDkJYnzf2dgVMxfuSGJeM/7UCG17TT4EumTfNtF+0nebF/4zWOIkCreAbtNqhGEboB6BWrwqNaw4Q==

eventemitter3@^5.0.1:
  version "5.0.1"
  resolved "https://registry.npmjs.org/eventemitter3/-/eventemitter3-5.0.1.tgz"
  integrity sha512-GWkBvjiSZK87ELrYOSESUYeVIc9mvLLf/nXalMOS5dYrgZq9o5OVkbZAVM06CVxYsCwH9BDZFPlQTlPA1j4ahA==

function-bind@^1.1.2:
  version "1.1.2"
  resolved "https://registry.npmjs.org/function-bind/-/function-bind-1.1.2.tgz"
  integrity sha512-7XHNxH7qX9xG5mIwxkhumTox/MIRNcOgDrxWsMt2pAr23WHp6MrRlN7FBSFpCpr+oVO0F744iUgR82nJMfG2SA==

get-intrinsic@^1.2.4, get-intrinsic@^1.2.5:
  version "1.2.6"
  resolved "https://registry.npmjs.org/get-intrinsic/-/get-intrinsic-1.2.6.tgz"
  integrity sha512-qxsEs+9A+u85HhllWJJFicJfPDhRmjzoYdl64aMWW9yRIJmSyxdn8IEkuIM530/7T+lv0TIHd8L6Q/ra0tEoeA==
  dependencies:
    call-bind-apply-helpers "^1.0.1"
    dunder-proto "^1.0.0"
    es-define-property "^1.0.1"
    es-errors "^1.3.0"
    es-object-atoms "^1.0.0"
    function-bind "^1.1.2"
    gopd "^1.2.0"
    has-symbols "^1.1.0"
    hasown "^2.0.2"
    math-intrinsics "^1.0.0"

gopd@^1.0.1, gopd@^1.2.0:
  version "1.2.0"
  resolved "https://registry.npmjs.org/gopd/-/gopd-1.2.0.tgz"
  integrity sha512-ZUKRh6/kUFoAiTAtTYPZJ3hw9wNxx+BIBOijnlG9PnrJsCcSjs1wyyD6vJpaYtgnzDrKYRSqf3OO6Rfa93xsRg==

gsap@^3.12.5:
  version "3.12.5"
  resolved "https://registry.npmjs.org/gsap/-/gsap-3.12.5.tgz"
  integrity sha512-srBfnk4n+Oe/ZnMIOXt3gT605BX9x5+rh/prT2F1SsNJsU1XuMiP0E2aptW481OnonOGACZWBqseH5Z7csHxhQ==

has-property-descriptors@^1.0.2:
  version "1.0.2"
  resolved "https://registry.npmjs.org/has-property-descriptors/-/has-property-descriptors-1.0.2.tgz"
  integrity sha512-55JNKuIW+vq4Ke1BjOTjM2YctQIvCT7GFzHwmfZPGo5wnrgkid0YQtnAleFSqumZm4az3n2BS+erby5ipJdgrg==
  dependencies:
    es-define-property "^1.0.0"

has-symbols@^1.1.0:
  version "1.1.0"
  resolved "https://registry.npmjs.org/has-symbols/-/has-symbols-1.1.0.tgz"
  integrity sha512-1cDNdwJ2Jaohmb3sg4OmKaMBwuC48sYni5HUw2DvsC8LjGTLK9h+eb1X6RyuOHe4hT0ULCW68iomhjUoKUqlPQ==

hasown@^2.0.2:
  version "2.0.2"
  resolved "https://registry.npmjs.org/hasown/-/hasown-2.0.2.tgz"
  integrity sha512-0hJU9SCPvmMzIBdZFqNPXWa6dqh7WdH0cII9y+CyS8rG3nL48Bclra9HmKhVVUHyPWNH5Y7xDwAB7bfgSjkUMQ==
  dependencies:
    function-bind "^1.1.2"

ismobilejs@^1.1.0, ismobilejs@^1.1.1:
  version "1.1.1"
  resolved "https://registry.npmjs.org/ismobilejs/-/ismobilejs-1.1.1.tgz"
  integrity sha512-VaFW53yt8QO61k2WJui0dHf4SlL8lxBofUuUmwBo0ljPk0Drz2TiuDW4jo3wDcv41qy/SxrJ+VAzJ/qYqsmzRw==

math-intrinsics@^1.0.0:
  version "1.0.0"
  resolved "https://registry.npmjs.org/math-intrinsics/-/math-intrinsics-1.0.0.tgz"
  integrity sha512-4MqMiKP90ybymYvsut0CH2g4XWbfLtmlCkXmtmdcDCxNB+mQcu1w/1+L/VD7vi/PSv7X2JYV7SCcR+jiPXnQtA==

mini-signals@^1.2.0:
  version "1.2.0"
  resolved "https://registry.npmjs.org/mini-signals/-/mini-signals-1.2.0.tgz"
  integrity sha512-alffqMkGCjjTSwvYMVLx+7QeJ6sTuxbXqBkP21my4iWU5+QpTQAJt3h7htA1OKm9F3BpMM0vnu72QIoiJakrLA==

object-inspect@^1.13.3:
  version "1.13.3"
  resolved "https://registry.npmjs.org/object-inspect/-/object-inspect-1.13.3.tgz"
  integrity sha512-kDCGIbxkDSXE3euJZZXzc6to7fCrKHNI/hSRQnRuQ+BWjFNzZwiFF8fj/6o2t2G9/jTj8PSIYTfCLelLZEeRpA==

parse-svg-path@^0.1.2:
  version "0.1.2"
  resolved "https://registry.npmjs.org/parse-svg-path/-/parse-svg-path-0.1.2.tgz"
  integrity sha512-JyPSBnkTJ0AI8GGJLfMXvKq42cj5c006fnLz6fXy6zfoVjJizi8BNTpu8on8ziI1cKy9d9DGNuY17Ce7wuejpQ==

parse-uri@^1.0.0:
  version "1.0.9"
  resolved "https://registry.npmjs.org/parse-uri/-/parse-uri-1.0.9.tgz"
  integrity sha512-YZfRHHkEZa6qTfPF/xgZ1ErQYCABfud/Vcqp1Q1GNa7RKwv6Oe0YaxXfQQMnQsGdNTo3fwaT0GbVEX7dMAr7tw==

pixi-sound@^3.0.5:
  version "3.0.5"
  resolved "https://registry.npmjs.org/pixi-sound/-/pixi-sound-3.0.5.tgz"
  integrity sha512-I3qDfaDI3xSwMuH8ZbhIyoZiRv0jEDxR60D2rBZTTvlK5owxo5Sx4vDaQlrIyETilTU0xvBtiwh7fPGKBOsCTw==

pixi.js@^8.6.4:
  version "8.6.4"
  resolved "https://registry.npmjs.org/pixi.js/-/pixi.js-8.6.4.tgz"
  integrity sha512-hPJpxh3GRjU/wnDPlGZ9WqndJpDpQuaGnRpbAci3r7loX9Zw0zKFm1fph278YFNPfywPA15vjd512OQqYKq5dA==
  dependencies:
    "@pixi/colord" "^2.9.6"
    "@types/css-font-loading-module" "^0.0.12"
    "@types/earcut" "^2.1.4"
    "@webgpu/types" "^0.1.40"
    "@xmldom/xmldom" "^0.8.10"
    earcut "^2.2.4"
    eventemitter3 "^5.0.1"
    ismobilejs "^1.1.1"
    parse-svg-path "^0.1.2"

punycode@^1.4.1:
  version "1.4.1"
  resolved "https://registry.npmjs.org/punycode/-/punycode-1.4.1.tgz"
  integrity sha512-jmYNElW7yvO7TV33CjSmvSiE2yco3bV2czu/OzDKdMNVZQWfxCblURLhf+47syQRBntjfLdd/H0egrzIG+oaFQ==

qs@^6.12.3:
  version "6.13.1"
  resolved "https://registry.npmjs.org/qs/-/qs-6.13.1.tgz"
  integrity sha512-EJPeIn0CYrGu+hli1xilKAPXODtJ12T0sP63Ijx2/khC2JtuaN3JyNIpvmnkmaEtha9ocbG4A4cMcr+TvqvwQg==
  dependencies:
    side-channel "^1.0.6"

resource-loader@^3.0.1:
  version "3.0.1"
  resolved "https://registry.npmjs.org/resource-loader/-/resource-loader-3.0.1.tgz"
  integrity sha512-fBuCRbEHdLCI1eglzQhUv9Rrdcmqkydr1r6uHE2cYHvRBrcLXeSmbE/qI/urFt8rPr/IGxir3BUwM5kUK8XoyA==
  dependencies:
    mini-signals "^1.2.0"
    parse-uri "^1.0.0"

set-function-length@^1.2.2:
  version "1.2.2"
  resolved "https://registry.npmjs.org/set-function-length/-/set-function-length-1.2.2.tgz"
  integrity sha512-pgRc4hJ4/sNjWCSS9AmnS40x3bNMDTknHgL5UaMBTMyJnU90EgWh1Rz+MC9eFu4BuN/UwZjKQuY/1v3rM7HMfg==
  dependencies:
    define-data-property "^1.1.4"
    es-errors "^1.3.0"
    function-bind "^1.1.2"
    get-intrinsic "^1.2.4"
    gopd "^1.0.1"
    has-property-descriptors "^1.0.2"

side-channel-list@^1.0.0:
  version "1.0.0"
  resolved "https://registry.npmjs.org/side-channel-list/-/side-channel-list-1.0.0.tgz"
  integrity sha512-FCLHtRD/gnpCiCHEiJLOwdmFP+wzCmDEkc9y7NsYxeF4u7Btsn1ZuwgwJGxImImHicJArLP4R0yX4c2KCrMrTA==
  dependencies:
    es-errors "^1.3.0"
    object-inspect "^1.13.3"

side-channel-map@^1.0.1:
  version "1.0.1"
  resolved "https://registry.npmjs.org/side-channel-map/-/side-channel-map-1.0.1.tgz"
  integrity sha512-VCjCNfgMsby3tTdo02nbjtM/ewra6jPHmpThenkTYh8pG9ucZ/1P8So4u4FGBek/BjpOVsDCMoLA/iuBKIFXRA==
  dependencies:
    call-bound "^1.0.2"
    es-errors "^1.3.0"
    get-intrinsic "^1.2.5"
    object-inspect "^1.13.3"

side-channel-weakmap@^1.0.2:
  version "1.0.2"
  resolved "https://registry.npmjs.org/side-channel-weakmap/-/side-channel-weakmap-1.0.2.tgz"
  integrity sha512-WPS/HvHQTYnHisLo9McqBHOJk2FkHO/tlpvldyrnem4aeQp4hai3gythswg6p01oSoTl58rcpiFAjF2br2Ak2A==
  dependencies:
    call-bound "^1.0.2"
    es-errors "^1.3.0"
    get-intrinsic "^1.2.5"
    object-inspect "^1.13.3"
    side-channel-map "^1.0.1"

side-channel@^1.0.6:
  version "1.1.0"
  resolved "https://registry.npmjs.org/side-channel/-/side-channel-1.1.0.tgz"
  integrity sha512-ZX99e6tRweoUXqR+VBrslhda51Nh5MTQwou5tnUDgbtyM0dBgmhEDtWGP/xbKn6hqfPRHujUNwz5fy/wbbhnpw==
  dependencies:
    es-errors "^1.3.0"
    object-inspect "^1.13.3"
    side-channel-list "^1.0.0"
    side-channel-map "^1.0.1"
    side-channel-weakmap "^1.0.2"

url@^0.11.0:
  version "0.11.4"
  resolved "https://registry.npmjs.org/url/-/url-0.11.4.tgz"
  integrity sha512-oCwdVC7mTuWiPyjLUz/COz5TLk6wgp0RCsN+wHZ2Ekneac9w8uuV0njcbbie2ME+Vs+d6duwmYuR3HgQXs1fOg==
  dependencies:
    punycode "^1.4.1"
    qs "^6.12.3"
